
Microsoft Visual Studio Solution File, Format Version 11.00
# Visual Studio 2010
Project("{F184B08F-C81C-45F6-A57F-5ABD9991F28F}") = "PerfectSquares", "PerfectSquares\PerfectSquares.vbproj", "{8A8D3560-D9A8-435E-B5CD-69604FA93318}"
EndProject
Global
	GlobalSection(SolutionConfigurationPlatforms) = preSolution
		Debug|x86 = Debug|x86
		Release|x86 = Release|x86
	EndGlobalSection
	GlobalSection(ProjectConfigurationPlatforms) = postSolution
		{8A8D3560-D9A8-435E-B5CD-69604FA93318}.Debug|x86.ActiveCfg = Debug|x86
		{8A8D3560-D9A8-435E-B5CD-69604FA93318}.Debug|x86.Build.0 = Debug|x86
		{8A8D3560-D9A8-435E-B5CD-69604FA93318}.Release|x86.ActiveCfg = Release|x86
		{8A8D3560-D9A8-435E-B5CD-69604FA93318}.Release|x86.Build.0 = Release|x86
	EndGlobalSection
	GlobalSection(SolutionProperties) = preSolution
		HideSolutionNode = FALSE
	EndGlobalSection
EndGlobal
